
Microsoft Visual Studio Solution File, Format Version 12.00
# Visual Studio 15
VisualStudioVersion = 15.0.26124.0
MinimumVisualStudioVersion = 15.0.26124.0
Project("{9A19103F-16F7-4668-BE54-9A1E7A4F7556}") = "Benchmarks", "Benchmarks\Benchmarks.csproj", "{09F06D02-0960-4913-A4C2-003F22B6BD3F}"
EndProject
Project("{9A19103F-16F7-4668-BE54-9A1E7A4F7556}") = "DotTraceExamples", "DotTraceExamples\DotTraceExamples.csproj", "{E1023278-34EC-4993-8F04-7D94A341DAAA}"
EndProject
Project("{9A19103F-16F7-4668-BE54-9A1E7A4F7556}") = "JPEG", "JPEG\JPEG.csproj", "{3C5B40C0-7AC3-47C6-A3A6-D6B24711BD88}"
EndProject
Global
	GlobalSection(SolutionConfigurationPlatforms) = preSolution
		Debug|Any CPU = Debug|Any CPU
		Debug|x64 = Debug|x64
		Debug|x86 = Debug|x86
		Release|Any CPU = Release|Any CPU
		Release|x64 = Release|x64
		Release|x86 = Release|x86
	EndGlobalSection
	GlobalSection(ProjectConfigurationPlatforms) = postSolution
		{09F06D02-0960-4913-A4C2-003F22B6BD3F}.Debug|Any CPU.ActiveCfg = Debug|Any CPU
		{09F06D02-0960-4913-A4C2-003F22B6BD3F}.Debug|Any CPU.Build.0 = Debug|Any CPU
		{09F06D02-0960-4913-A4C2-003F22B6BD3F}.Debug|x64.ActiveCfg = Debug|Any CPU
		{09F06D02-0960-4913-A4C2-003F22B6BD3F}.Debug|x64.Build.0 = Debug|Any CPU
		{09F06D02-0960-4913-A4C2-003F22B6BD3F}.Debug|x86.ActiveCfg = Debug|Any CPU
		{09F06D02-0960-4913-A4C2-003F22B6BD3F}.Debug|x86.Build.0 = Debug|Any CPU
		{09F06D02-0960-4913-A4C2-003F22B6BD3F}.Release|Any CPU.ActiveCfg = Release|Any CPU
		{09F06D02-0960-4913-A4C2-003F22B6BD3F}.Release|Any CPU.Build.0 = Release|Any CPU
		{09F06D02-0960-4913-A4C2-003F22B6BD3F}.Release|x64.ActiveCfg = Release|Any CPU
		{09F06D02-0960-4913-A4C2-003F22B6BD3F}.Release|x64.Build.0 = Release|Any CPU
		{09F06D02-0960-4913-A4C2-003F22B6BD3F}.Release|x86.ActiveCfg = Release|Any CPU
		{09F06D02-0960-4913-A4C2-003F22B6BD3F}.Release|x86.Build.0 = Release|Any CPU
		{E1023278-34EC-4993-8F04-7D94A341DAAA}.Debug|Any CPU.ActiveCfg = Debug|Any CPU
		{E1023278-34EC-4993-8F04-7D94A341DAAA}.Debug|Any CPU.Build.0 = Debug|Any CPU
		{E1023278-34EC-4993-8F04-7D94A341DAAA}.Debug|x64.ActiveCfg = Debug|Any CPU
		{E1023278-34EC-4993-8F04-7D94A341DAAA}.Debug|x64.Build.0 = Debug|Any CPU
		{E1023278-34EC-4993-8F04-7D94A341DAAA}.Debug|x86.ActiveCfg = Debug|Any CPU
		{E1023278-34EC-4993-8F04-7D94A341DAAA}.Debug|x86.Build.0 = Debug|Any CPU
		{E1023278-34EC-4993-8F04-7D94A341DAAA}.Release|Any CPU.ActiveCfg = Release|Any CPU
		{E1023278-34EC-4993-8F04-7D94A341DAAA}.Release|Any CPU.Build.0 = Release|Any CPU
		{E1023278-34EC-4993-8F04-7D94A341DAAA}.Release|x64.ActiveCfg = Release|Any CPU
		{E1023278-34EC-4993-8F04-7D94A341DAAA}.Release|x64.Build.0 = Release|Any CPU
		{E1023278-34EC-4993-8F04-7D94A341DAAA}.Release|x86.ActiveCfg = Release|Any CPU
		{E1023278-34EC-4993-8F04-7D94A341DAAA}.Release|x86.Build.0 = Release|Any CPU
		{3C5B40C0-7AC3-47C6-A3A6-D6B24711BD88}.Debug|Any CPU.ActiveCfg = Debug|Any CPU
		{3C5B40C0-7AC3-47C6-A3A6-D6B24711BD88}.Debug|Any CPU.Build.0 = Debug|Any CPU
		{3C5B40C0-7AC3-47C6-A3A6-D6B24711BD88}.Debug|x64.ActiveCfg = Debug|Any CPU
		{3C5B40C0-7AC3-47C6-A3A6-D6B24711BD88}.Debug|x64.Build.0 = Debug|Any CPU
		{3C5B40C0-7AC3-47C6-A3A6-D6B24711BD88}.Debug|x86.ActiveCfg = Debug|Any CPU
		{3C5B40C0-7AC3-47C6-A3A6-D6B24711BD88}.Debug|x86.Build.0 = Debug|Any CPU
		{3C5B40C0-7AC3-47C6-A3A6-D6B24711BD88}.Release|Any CPU.ActiveCfg = Release|Any CPU
		{3C5B40C0-7AC3-47C6-A3A6-D6B24711BD88}.Release|Any CPU.Build.0 = Release|Any CPU
		{3C5B40C0-7AC3-47C6-A3A6-D6B24711BD88}.Release|x64.ActiveCfg = Release|Any CPU
		{3C5B40C0-7AC3-47C6-A3A6-D6B24711BD88}.Release|x64.Build.0 = Release|Any CPU
		{3C5B40C0-7AC3-47C6-A3A6-D6B24711BD88}.Release|x86.ActiveCfg = Release|Any CPU
		{3C5B40C0-7AC3-47C6-A3A6-D6B24711BD88}.Release|x86.Build.0 = Release|Any CPU
	EndGlobalSection
	GlobalSection(SolutionProperties) = preSolution
		HideSolutionNode = FALSE
	EndGlobalSection
	GlobalSection(ExtensibilityGlobals) = postSolution
		SolutionGuid = {91F08DFE-EBCA-4299-B162-9C624261397A}
	EndGlobalSection
EndGlobal
